
Microsoft Visual Studio Solution File, Format Version 12.00
# Visual Studio Version 16
VisualStudioVersion = 16.0.29519.87
MinimumVisualStudioVersion = 10.0.40219.1
Project("{FAE04EC0-301F-11D3-BF4B-00C04F79EFBC}") = "SkilledWorkersService", "SkilledWorkersService.csproj", "{4C3F9BE2-4EE1-4699-825F-BBD71811671B}"
EndProject
Global
	GlobalSection(SolutionConfigurationPlatforms) = preSolution
		Debug|Any CPU = Debug|Any CPU
		Release|Any CPU = Release|Any CPU
	EndGlobalSection
	GlobalSection(ProjectConfigurationPlatforms) = postSolution
		{4C3F9BE2-4EE1-4699-825F-BBD71811671B}.Debug|Any CPU.ActiveCfg = Debug|Any CPU
		{4C3F9BE2-4EE1-4699-825F-BBD71811671B}.Debug|Any CPU.Build.0 = Debug|Any CPU
		{4C3F9BE2-4EE1-4699-825F-BBD71811671B}.Release|Any CPU.ActiveCfg = Release|Any CPU
		{4C3F9BE2-4EE1-4699-825F-BBD71811671B}.Release|Any CPU.Build.0 = Release|Any CPU
	EndGlobalSection
	GlobalSection(SolutionProperties) = preSolution
		HideSolutionNode = FALSE
	EndGlobalSection
	GlobalSection(ExtensibilityGlobals) = postSolution
		SolutionGuid = {78DF5FBA-66B1-41CA-848A-5981C3BDFE74}
	EndGlobalSection
EndGlobal
